
Microsoft Visual Studio Solution File, Format Version 12.00
# Visual Studio Version 17
VisualStudioVersion = 17.5.33516.290
MinimumVisualStudioVersion = 10.0.40219.1
Project("{FAE04EC0-301F-11D3-BF4B-00C04F79EFBC}") = "Stylecop.Analyzers", "Stylecop.Analyzers.csproj", "{B4180B97-8F9C-42C0-80F3-9437F1B3E22C}"
EndProject
Global
	GlobalSection(SolutionConfigurationPlatforms) = preSolution
		Debug|Any CPU = Debug|Any CPU
		Release|Any CPU = Release|Any CPU
	EndGlobalSection
	GlobalSection(ProjectConfigurationPlatforms) = postSolution
		{B4180B97-8F9C-42C0-80F3-9437F1B3E22C}.Debug|Any CPU.ActiveCfg = Debug|Any CPU
		{B4180B97-8F9C-42C0-80F3-9437F1B3E22C}.Debug|Any CPU.Build.0 = Debug|Any CPU
		{B4180B97-8F9C-42C0-80F3-9437F1B3E22C}.Release|Any CPU.ActiveCfg = Release|Any CPU
		{B4180B97-8F9C-42C0-80F3-9437F1B3E22C}.Release|Any CPU.Build.0 = Release|Any CPU
	EndGlobalSection
	GlobalSection(SolutionProperties) = preSolution
		HideSolutionNode = FALSE
	EndGlobalSection
	GlobalSection(ExtensibilityGlobals) = postSolution
		SolutionGuid = {6A1981DA-1EF4-487F-83D9-D0139AFC793B}
	EndGlobalSection
EndGlobal
