
Microsoft Visual Studio Solution File, Format Version 12.00
# Visual Studio Version 17
VisualStudioVersion = 17.6.33829.357
MinimumVisualStudioVersion = 10.0.40219.1
Project("{FAE04EC0-301F-11D3-BF4B-00C04F79EFBC}") = "NullableUsage", "NullableUsage.csproj", "{BB287B8F-39C2-48B8-90FB-579D36517D5F}"
EndProject
Global
	GlobalSection(SolutionConfigurationPlatforms) = preSolution
		Debug|Any CPU = Debug|Any CPU
		Release|Any CPU = Release|Any CPU
	EndGlobalSection
	GlobalSection(ProjectConfigurationPlatforms) = postSolution
		{BB287B8F-39C2-48B8-90FB-579D36517D5F}.Debug|Any CPU.ActiveCfg = Debug|Any CPU
		{BB287B8F-39C2-48B8-90FB-579D36517D5F}.Debug|Any CPU.Build.0 = Debug|Any CPU
		{BB287B8F-39C2-48B8-90FB-579D36517D5F}.Release|Any CPU.ActiveCfg = Release|Any CPU
		{BB287B8F-39C2-48B8-90FB-579D36517D5F}.Release|Any CPU.Build.0 = Release|Any CPU
	EndGlobalSection
	GlobalSection(SolutionProperties) = preSolution
		HideSolutionNode = FALSE
	EndGlobalSection
	GlobalSection(ExtensibilityGlobals) = postSolution
		SolutionGuid = {8E74D38C-E02B-4876-9698-C755319453AE}
	EndGlobalSection
EndGlobal
