
Microsoft Visual Studio Solution File, Format Version 12.00
# Visual Studio Version 17
VisualStudioVersion = 17.6.33801.468
MinimumVisualStudioVersion = 10.0.40219.1
Project("{FAE04EC0-301F-11D3-BF4B-00C04F79EFBC}") = "UnitTesting", "UnitTesting\UnitTesting.csproj", "{39A64228-1749-458D-96D9-5D95FBA3BBC5}"
EndProject
Global
	GlobalSection(SolutionConfigurationPlatforms) = preSolution
		Debug|Any CPU = Debug|Any CPU
		Release|Any CPU = Release|Any CPU
	EndGlobalSection
	GlobalSection(ProjectConfigurationPlatforms) = postSolution
		{39A64228-1749-458D-96D9-5D95FBA3BBC5}.Debug|Any CPU.ActiveCfg = Debug|Any CPU
		{39A64228-1749-458D-96D9-5D95FBA3BBC5}.Debug|Any CPU.Build.0 = Debug|Any CPU
		{39A64228-1749-458D-96D9-5D95FBA3BBC5}.Release|Any CPU.ActiveCfg = Release|Any CPU
		{39A64228-1749-458D-96D9-5D95FBA3BBC5}.Release|Any CPU.Build.0 = Release|Any CPU
	EndGlobalSection
	GlobalSection(SolutionProperties) = preSolution
		HideSolutionNode = FALSE
	EndGlobalSection
	GlobalSection(ExtensibilityGlobals) = postSolution
		SolutionGuid = {C07C6DAD-6C2F-44D1-9F8A-07579F4C3F9D}
	EndGlobalSection
EndGlobal
